
Microsoft Visual Studio Solution File, Format Version 12.00
# Visual Studio 2017
Project("{FAE04EC0-301F-11D3-BF4B-00C04F79EFBC}") = "Day21Keyframe-master.Plugins", "Day21Keyframe-master.Plugins.csproj", "{BBB59163-0E4A-AC60-C605-55BC11197BC6}"
EndProject
Project("{FAE04EC0-301F-11D3-BF4B-00C04F79EFBC}") = "Day21Keyframe-master", "Day21Keyframe-master.csproj", "{F674016D-763D-CBC9-B6F5-BC7E60C822DF}"
EndProject
Project("{FAE04EC0-301F-11D3-BF4B-00C04F79EFBC}") = "Day21Keyframe-master.Editor.Plugins", "Day21Keyframe-master.Editor.Plugins.csproj", "{B97AF7A5-DCC3-754F-D7C0-999A576DA68A}"
EndProject
Global
	GlobalSection(SolutionConfigurationPlatforms) = preSolution
		Debug|Any CPU = Debug|Any CPU
		Release|Any CPU = Release|Any CPU
	EndGlobalSection
	GlobalSection(ProjectConfigurationPlatforms) = postSolution
		{BBB59163-0E4A-AC60-C605-55BC11197BC6}.Debug|Any CPU.ActiveCfg = Debug|Any CPU
		{BBB59163-0E4A-AC60-C605-55BC11197BC6}.Debug|Any CPU.Build.0 = Debug|Any CPU
		{BBB59163-0E4A-AC60-C605-55BC11197BC6}.Release|Any CPU.ActiveCfg = Release|Any CPU
		{BBB59163-0E4A-AC60-C605-55BC11197BC6}.Release|Any CPU.Build.0 = Release|Any CPU
		{F674016D-763D-CBC9-B6F5-BC7E60C822DF}.Debug|Any CPU.ActiveCfg = Debug|Any CPU
		{F674016D-763D-CBC9-B6F5-BC7E60C822DF}.Debug|Any CPU.Build.0 = Debug|Any CPU
		{F674016D-763D-CBC9-B6F5-BC7E60C822DF}.Release|Any CPU.ActiveCfg = Release|Any CPU
		{F674016D-763D-CBC9-B6F5-BC7E60C822DF}.Release|Any CPU.Build.0 = Release|Any CPU
		{B97AF7A5-DCC3-754F-D7C0-999A576DA68A}.Debug|Any CPU.ActiveCfg = Debug|Any CPU
		{B97AF7A5-DCC3-754F-D7C0-999A576DA68A}.Debug|Any CPU.Build.0 = Debug|Any CPU
		{B97AF7A5-DCC3-754F-D7C0-999A576DA68A}.Release|Any CPU.ActiveCfg = Release|Any CPU
		{B97AF7A5-DCC3-754F-D7C0-999A576DA68A}.Release|Any CPU.Build.0 = Release|Any CPU
	EndGlobalSection
	GlobalSection(SolutionProperties) = preSolution
		HideSolutionNode = FALSE
	EndGlobalSection
EndGlobal
